// !$*UTF8*$!
{
	archiveVersion = 1;
	classes = {
	};
	objectVersion = 46;
	objects = {

/* Begin PBXBuildFile section */
		FB76FE1A1E4A9D4300D8E571 /* AppDelegate.swift in Sources */ = {isa = PBXBuildFile; fileRef = FB76FE191E4A9D4300D8E571 /* AppDelegate.swift */; };
		FB76FE1C1E4A9D4300D8E571 /* ViewController.swift in Sources */ = {isa = PBXBuildFile; fileRef = FB76FE1B1E4A9D4300D8E571 /* ViewController.swift */; };
		FB76FE1F1E4A9D4300D8E571 /* Main.storyboard in Resources */ = {isa = PBXBuildFile; fileRef = FB76FE1D1E4A9D4300D8E571 /* Main.storyboard */; };
		FB76FE211E4A9D4300D8E571 /* Assets.xcassets in Resources */ = {isa = PBXBuildFile; fileRef = FB76FE201E4A9D4300D8E571 /* Assets.xcassets */; };
		FB76FE241E4A9D4300D8E571 /* LaunchScreen.storyboard in Resources */ = {isa = PBXBuildFile; fileRef = FB76FE221E4A9D4300D8E571 /* LaunchScreen.storyboard */; };
		FB76FE301E4AA7C700D8E571 /* ModallyViewController.swift in Sources */ = {isa = PBXBuildFile; fileRef = FB76FE2F1E4AA7C700D8E571 /* ModallyViewController.swift */; };
		FB76FE321E4AA8A000D8E571 /* ShowDetailViewController.swift in Sources */ = {isa = PBXBuildFile; fileRef = FB76FE311E4AA8A000D8E571 /* ShowDetailViewController.swift */; };
/* End PBXBuildFile section */

/* Begin PBXFileReference section */
		FB76FE161E4A9D4300D8E571 /* Transiciones en iOS.app */ = {isa = PBXFileReference; explicitFileType = wrapper.application; includeInIndex = 0; path = "Transiciones en iOS.app"; sourceTree = BUILT_PRODUCTS_DIR; };
		FB76FE191E4A9D4300D8E571 /* AppDelegate.swift */ = {isa = PBXFileReference; lastKnownFileType = sourcecode.swift; path = AppDelegate.swift; sourceTree = "<group>"; };
		FB76FE1B1E4A9D4300D8E571 /* ViewController.swift */ = {isa = PBXFileReference; lastKnownFileType = sourcecode.swift; path = ViewController.swift; sourceTree = "<group>"; };
		FB76FE1E1E4A9D4300D8E571 /* Base */ = {isa = PBXFileReference; lastKnownFileType = file.storyboard; name = Base; path = Base.lproj/Main.storyboard; sourceTree = "<group>"; };
		FB76FE201E4A9D4300D8E571 /* Assets.xcassets */ = {isa = PBXFileReference; lastKnownFileType = folder.assetcatalog; path = Assets.xcassets; sourceTree = "<group>"; };
		FB76FE231E4A9D4300D8E571 /* Base */ = {isa = PBXFileReference; lastKnownFileType = file.storyboard; name = Base; path = Base.lproj/LaunchScreen.storyboard; sourceTree = "<group>"; };
		FB76FE251E4A9D4300D8E571 /* Info.plist */ = {isa = PBXFileReference; lastKnownFileType = text.plist.xml; path = Info.plist; sourceTree = "<group>"; };
		FB76FE2F1E4AA7C700D8E571 /* ModallyViewController.swift */ = {isa = PBXFileReference; fileEncoding = 4; lastKnownFileType = sourcecode.swift; path = ModallyViewController.swift; sourceTree = "<group>"; };
		FB76FE311E4AA8A000D8E571 /* ShowDetailViewController.swift */ = {isa = PBXFileReference; fileEncoding = 4; lastKnownFileType = sourcecode.swift; path = ShowDetailViewController.swift; sourceTree = "<group>"; };
/* End PBXFileReference section */

/* Begin PBXFrameworksBuildPhase section */
		FB76FE131E4A9D4300D8E571 /* Frameworks */ = {
			isa = PBXFrameworksBuildPhase;
			buildActionMask = 2147483647;
			files = (
			);
			runOnlyForDeploymentPostprocessing = 0;
		};
/* End PBXFrameworksBuildPhase section */

/* Begin PBXGroup section */
		FB76FE0D1E4A9D4300D8E571 = {
			isa = PBXGroup;
			children = (
				FB76FE2F1E4AA7C700D8E571 /* ModallyViewController.swift */,
				FB76FE181E4A9D4300D8E571 /* Transiciones en iOS */,
				FB76FE171E4A9D4300D8E571 /* Products */,
			);
			sourceTree = "<group>";
		};
		FB76FE171E4A9D4300D8E571 /* Products */ = {
			isa = PBXGroup;
			children = (
				FB76FE161E4A9D4300D8E571 /* Transiciones en iOS.app */,
			);
			name = Products;
			sourceTree = "<group>";
		};
		FB76FE181E4A9D4300D8E571 /* Transiciones en iOS */ = {
			isa = PBXGroup;
			children = (
				FB76FE191E4A9D4300D8E571 /* AppDelegate.swift */,
				FB76FE1B1E4A9D4300D8E571 /* ViewController.swift */,
				FB76FE1D1E4A9D4300D8E571 /* Main.storyboard */,
				FB76FE311E4AA8A000D8E571 /* ShowDetailViewController.swift */,
				FB76FE201E4A9D4300D8E571 /* Assets.xcassets */,
				FB76FE221E4A9D4300D8E571 /* LaunchScreen.storyboard */,
				FB76FE251E4A9D4300D8E571 /* Info.plist */,
			);
			path = "Transiciones en iOS";
			sourceTree = "<group>";
		};
/* End PBXGroup section */

/* Begin PBXNativeTarget section */
		FB76FE151E4A9D4300D8E571 /* Transiciones en iOS */ = {
			isa = PBXNativeTarget;
			buildConfigurationList = FB76FE281E4A9D4300D8E571 /* Build configuration list for PBXNativeTarget "Transiciones en iOS" */;
			buildPhases = (
				FB76FE121E4A9D4300D8E571 /* Sources */,
				FB76FE131E4A9D4300D8E571 /* Frameworks */,
				FB76FE141E4A9D4300D8E571 /* Resources */,
			);
			buildRules = (
			);
			dependencies = (
			);
			name = "Transiciones en iOS";
			productName = "Transiciones en iOS";
			productReference = FB76FE161E4A9D4300D8E571 /* Transiciones en iOS.app */;
			productType = "com.apple.product-type.application";
		};
/* End PBXNativeTarget section */

/* Begin PBXProject section */
		FB76FE0E1E4A9D4300D8E571 /* Project object */ = {
			isa = PBXProject;
			attributes = {
				LastSwiftUpdateCheck = 0800;
				LastUpgradeCheck = 0800;
				ORGANIZATIONNAME = alumno;
				TargetAttributes = {
					FB76FE151E4A9D4300D8E571 = {
						CreatedOnToolsVersion = 8.0;
						ProvisioningStyle = Automatic;
					};
				};
			};
			buildConfigurationList = FB76FE111E4A9D4300D8E571 /* Build configuration list for PBXProject "Transiciones en iOS" */;
			compatibilityVersion = "Xcode 3.2";
			developmentRegion = English;
			hasScannedForEncodings = 0;
			knownRegions = (
				en,
				Base,
			);
			mainGroup = FB76FE0D1E4A9D4300D8E571;
			productRefGroup = FB76FE171E4A9D4300D8E571 /* Products */;
			projectDirPath = "";
			projectRoot = "";
			targets = (
				FB76FE151E4A9D4300D8E571 /* Transiciones en iOS */,
			);
		};
/* End PBXProject section */

/* Begin PBXResourcesBuildPhase section */
		FB76FE141E4A9D4300D8E571 /* Resources */ = {
			isa = PBXResourcesBuildPhase;
			buildActionMask = 2147483647;
			files = (
				FB76FE241E4A9D4300D8E571 /* LaunchScreen.storyboard in Resources */,
				FB76FE211E4A9D4300D8E571 /* Assets.xcassets in Resources */,
				FB76FE1F1E4A9D4300D8E571 /* Main.storyboard in Resources */,
			);
			runOnlyForDeploymentPostprocessing = 0;
		};
/* End PBXResourcesBuildPhase section */

/* Begin PBXSourcesBuildPhase section */
		FB76FE121E4A9D4300D8E571 /* Sources */ = {
			isa = PBXSourcesBuildPhase;
			buildActionMask = 2147483647;
			files = (
				FB76FE321E4AA8A000D8E571 /* ShowDetailViewController.swift in Sources */,
				FB76FE1C1E4A9D4300D8E571 /* ViewController.swift in Sources */,
				FB76FE301E4AA7C700D8E571 /* ModallyViewController.swift in Sources */,
				FB76FE1A1E4A9D4300D8E571 /* AppDelegate.swift in Sources */,
			);
			runOnlyForDeploymentPostprocessing = 0;
		};
/* End PBXSourcesBuildPhase section */

/* Begin PBXVariantGroup section */
		FB76FE1D1E4A9D4300D8E571 /* Main.storyboard */ = {
			isa = PBXVariantGroup;
			children = (
				FB76FE1E1E4A9D4300D8E571 /* Base */,
			);
			name = Main.storyboard;
			sourceTree = "<group>";
		};
		FB76FE221E4A9D4300D8E571 /* LaunchScreen.storyboard */ = {
			isa = PBXVariantGroup;
			children = (
				FB76FE231E4A9D4300D8E571 /* Base */,
			);
			name = LaunchScreen.storyboard;
			sourceTree = "<group>";
		};
/* End PBXVariantGroup section */

/* Begin XCBuildConfiguration section */
		FB76FE261E4A9D4300D8E571 /* Debug */ = {
			isa = XCBuildConfiguration;
			buildSettings = {
				ALWAYS_SEARCH_USER_PATHS = NO;
				CLANG_ANALYZER_NONNULL = YES;
				CLANG_CXX_LANGUAGE_STANDARD = "gnu++0x";
				CLANG_CXX_LIBRARY = "libc++";
				CLANG_ENABLE_MODULES = YES;
				CLANG_ENABLE_OBJC_ARC = YES;
				CLANG_WARN_BOOL_CONVERSION = YES;
				CLANG_WARN_CONSTANT_CONVERSION = YES;
				CLANG_WARN_DIRECT_OBJC_ISA_USAGE = YES_ERROR;
				CLANG_WARN_DOCUMENTATION_COMMENTS = YES;
				CLANG_WARN_EMPTY_BODY = YES;
				CLANG_WARN_ENUM_CONVERSION = YES;
				CLANG_WARN_INFINITE_RECURSION = YES;
				CLANG_WARN_INT_CONVERSION = YES;
				CLANG_WARN_OBJC_ROOT_CLASS = YES_ERROR;
				CLANG_WARN_SUSPICIOUS_MOVES = YES;
				CLANG_WARN_UNREACHABLE_CODE = YES;
				CLANG_WARN__DUPLICATE_METHOD_MATCH = YES;
				"CODE_SIGN_IDENTITY[sdk=iphoneos*]" = "iPhone Developer";
				COPY_PHASE_STRIP = NO;
				DEBUG_INFORMATION_FORMAT = dwarf;
				ENABLE_STRICT_OBJC_MSGSEND = YES;
				ENABLE_TESTABILITY = YES;
				GCC_C_LANGUAGE_STANDARD = gnu99;
				GCC_DYNAMIC_NO_PIC = NO;
				GCC_NO_COMMON_BLOCKS = YES;
				GCC_OPTIMIZATION_LEVEL = 0;
				GCC_PREPROCESSOR_DEFINITIONS = (
					"DEBUG=1",
					"$(inherited)",
				);
				GCC_WARN_64_TO_32_BIT_CONVERSION = YES;
				GCC_WARN_ABOUT_RETURN_TYPE = YES_ERROR;
				GCC_WARN_UNDECLARED_SELECTOR = YES;
				GCC_WARN_UNINITIALIZED_AUTOS = YES_AGGRESSIVE;
				GCC_WARN_UNUSED_FUNCTION = YES;
				GCC_WARN_UNUSED_VARIABLE = YES;
				IPHONEOS_DEPLOYMENT_TARGET = 10.0;
				MTL_ENABLE_DEBUG_INFO = YES;
				ONLY_ACTIVE_ARCH = YES;
				SDKROOT = iphoneos;
				SWIFT_ACTIVE_COMPILATION_CONDITIONS = DEBUG;
				SWIFT_OPTIMIZATION_LEVEL = "-Onone";
			};
			name = Debug;
		};
		FB76FE271E4A9D4300D8E571 /* Release */ = {
			isa = XCBuildConfiguration;
			buildSettings = {
				ALWAYS_SEARCH_USER_PATHS = NO;
				CLANG_ANALYZER_NONNULL = YES;
				CLANG_CXX_LANGUAGE_STANDARD = "gnu++0x";
				CLANG_CXX_LIBRARY = "libc++";
				CLANG_ENABLE_MODULES = YES;
				CLANG_ENABLE_OBJC_ARC = YES;
				CLANG_WARN_BOOL_CONVERSION = YES;
				CLANG_WARN_CONSTANT_CONVERSION = YES;
				CLANG_WARN_DIRECT_OBJC_ISA_USAGE = YES_ERROR;
				CLANG_WARN_DOCUMENTATION_COMMENTS = YES;
				CLANG_WARN_EMPTY_BODY = YES;
				CLANG_WARN_ENUM_CONVERSION = YES;
				CLANG_WARN_INFINITE_RECURSION = YES;
				CLANG_WARN_INT_CONVERSION = YES;
				CLANG_WARN_OBJC_ROOT_CLASS = YES_ERROR;
				CLANG_WARN_SUSPICIOUS_MOVES = YES;
				CLANG_WARN_UNREACHABLE_CODE = YES;
				CLANG_WARN__DUPLICATE_METHOD_MATCH = YES;
				"CODE_SIGN_IDENTITY[sdk=iphoneos*]" = "iPhone Developer";
				COPY_PHASE_STRIP = NO;
				DEBUG_INFORMATION_FORMAT = "dwarf-with-dsym";
				ENABLE_NS_ASSERTIONS = NO;
				ENABLE_STRICT_OBJC_MSGSEND = YES;
				GCC_C_LANGUAGE_STANDARD = gnu99;
				GCC_NO_COMMON_BLOCKS = YES;
				GCC_WARN_64_TO_32_BIT_CONVERSION = YES;
				GCC_WARN_ABOUT_RETURN_TYPE = YES_ERROR;
				GCC_WARN_UNDECLARED_SELECTOR = YES;
				GCC_WARN_UNINITIALIZED_AUTOS = YES_AGGRESSIVE;
				GCC_WARN_UNUSED_FUNCTION = YES;
				GCC_WARN_UNUSED_VARIABLE = YES;
				IPHONEOS_DEPLOYMENT_TARGET = 10.0;
				MTL_ENABLE_DEBUG_INFO = NO;
				SDKROOT = iphoneos;
				SWIFT_OPTIMIZATION_LEVEL = "-Owholemodule";
				VALIDATE_PRODUCT = YES;
			};
			name = Release;
		};
		FB76FE291E4A9D4300D8E571 /* Debug */ = {
			isa = XCBuildConfiguration;
			buildSettings = {
				ASSETCATALOG_COMPILER_APPICON_NAME = AppIcon;
				INFOPLIST_FILE = "Transiciones en iOS/Info.plist";
				LD_RUNPATH_SEARCH_PATHS = "$(inherited) @executable_path/Frameworks";
				PRODUCT_BUNDLE_IDENTIFIER = "area51.pe.Transiciones-en-iOS";
				PRODUCT_NAME = "$(TARGET_NAME)";
				SWIFT_VERSION = 3.0;
			};
			name = Debug;
		};
		FB76FE2A1E4A9D4300D8E571 /* Release */ = {
			isa = XCBuildConfiguration;
			buildSettings = {
				ASSETCATALOG_COMPILER_APPICON_NAME = AppIcon;
				INFOPLIST_FILE = "Transiciones en iOS/Info.plist";
				LD_RUNPATH_SEARCH_PATHS = "$(inherited) @executable_path/Frameworks";
				PRODUCT_BUNDLE_IDENTIFIER = "area51.pe.Transiciones-en-iOS";
				PRODUCT_NAME = "$(TARGET_NAME)";
				SWIFT_VERSION = 3.0;
			};
			name = Release;
		};
/* End XCBuildConfiguration section */

/* Begin XCConfigurationList section */
		FB76FE111E4A9D4300D8E571 /* Build configuration list for PBXProject "Transiciones en iOS" */ = {
			isa = XCConfigurationList;
			buildConfigurations = (
				FB76FE261E4A9D4300D8E571 /* Debug */,
				FB76FE271E4A9D4300D8E571 /* Release */,
			);
			defaultConfigurationIsVisible = 0;
			defaultConfigurationName = Release;
		};
		FB76FE281E4A9D4300D8E571 /* Build configuration list for PBXNativeTarget "Transiciones en iOS" */ = {
			isa = XCConfigurationList;
			buildConfigurations = (
				FB76FE291E4A9D4300D8E571 /* Debug */,
				FB76FE2A1E4A9D4300D8E571 /* Release */,
			);
			defaultConfigurationIsVisible = 0;
		};
/* End XCConfigurationList section */
	};
	rootObject = FB76FE0E1E4A9D4300D8E571 /* Project object */;
}
